
Microsoft Visual Studio Solution File, Format Version 12.00
# Visual Studio Version 16
VisualStudioVersion = 16.0.30907.101
MinimumVisualStudioVersion = 10.0.40219.1
Project("{FAE04EC0-301F-11D3-BF4B-00C04F79EFBC}") = "Pinger", "Pinger\Pinger.csproj", "{E5AADAC0-5442-40ED-A137-19F9D98BD14E}"
EndProject
Global
	GlobalSection(SolutionConfigurationPlatforms) = preSolution
		Debug|Any CPU = Debug|Any CPU
		Release|Any CPU = Release|Any CPU
	EndGlobalSection
	GlobalSection(ProjectConfigurationPlatforms) = postSolution
		{E5AADAC0-5442-40ED-A137-19F9D98BD14E}.Debug|Any CPU.ActiveCfg = Debug|Any CPU
		{E5AADAC0-5442-40ED-A137-19F9D98BD14E}.Debug|Any CPU.Build.0 = Debug|Any CPU
		{E5AADAC0-5442-40ED-A137-19F9D98BD14E}.Release|Any CPU.ActiveCfg = Release|Any CPU
		{E5AADAC0-5442-40ED-A137-19F9D98BD14E}.Release|Any CPU.Build.0 = Release|Any CPU
	EndGlobalSection
	GlobalSection(SolutionProperties) = preSolution
		HideSolutionNode = FALSE
	EndGlobalSection
	GlobalSection(ExtensibilityGlobals) = postSolution
		SolutionGuid = {5D01E96B-4AB9-4F73-A93D-6E4A4778EFCE}
	EndGlobalSection
EndGlobal
